
Microsoft Visual Studio Solution File, Format Version 12.00
# Visual Studio Version 17
VisualStudioVersion = 17.0.31903.59
MinimumVisualStudioVersion = 10.0.40219.1
Project("{2150E333-8FDC-42A3-9474-1A3956D46DE8}") = "src", "src", "{0E98DD01-937E-4378-BFFB-1DE720D2019B}"
EndProject
Project("{2150E333-8FDC-42A3-9474-1A3956D46DE8}") = "tst", "tst", "{6F750404-37BF-4C8B-B54F-C77F6F7CB4E6}"
EndProject
Project("{2150E333-8FDC-42A3-9474-1A3956D46DE8}") = "Authorization", "Authorization", "{599312B8-3DAB-41FF-9ABA-924FC62E0DB6}"
EndProject
Project("{2150E333-8FDC-42A3-9474-1A3956D46DE8}") = "Authorization", "Authorization", "{94EBEE5C-CBE1-4BAA-A724-93B1E9F49765}"
EndProject
Project("{9A19103F-16F7-4668-BE54-9A1E7A4F7556}") = "TimeForCode.Authorization.Api", "src\Authorization\TimeForCode.Authorization.Api\TimeForCode.Authorization.Api.csproj", "{8856EC3B-732C-4C6E-B84E-1C6027C0DB6C}"
EndProject
Project("{9A19103F-16F7-4668-BE54-9A1E7A4F7556}") = "TimeForCode.Authorization.Api.Client", "src\Authorization\TimeForCode.Authorization.Api.Client\TimeForCode.Authorization.Api.Client.csproj", "{DB673FB1-B4ED-437E-8CE2-78D815EA4BA9}"
	ProjectSection(ProjectDependencies) = postProject
		{8856EC3B-732C-4C6E-B84E-1C6027C0DB6C} = {8856EC3B-732C-4C6E-B84E-1C6027C0DB6C}
	EndProjectSection
EndProject
Project("{9A19103F-16F7-4668-BE54-9A1E7A4F7556}") = "TimeForCode.Authorization.Application", "src\Authorization\TimeForCode.Authorization.Application\TimeForCode.Authorization.Application.csproj", "{642B702C-C6DF-42F8-AB16-84E858869073}"
EndProject
Project("{9A19103F-16F7-4668-BE54-9A1E7A4F7556}") = "TimeForCode.Authorization.Commands", "src\Authorization\TimeForCode.Authorization.Commands\TimeForCode.Authorization.Commands.csproj", "{CF3516E6-EB92-4BF1-B25A-0BF0A7B7DF32}"
EndProject
Project("{9A19103F-16F7-4668-BE54-9A1E7A4F7556}") = "TimeForCode.Authorization.Domain", "src\Authorization\TimeForCode.Authorization.Domain\TimeForCode.Authorization.Domain.csproj", "{44F4194A-64F8-445A-98C0-AE8C82D9E19F}"
EndProject
Project("{9A19103F-16F7-4668-BE54-9A1E7A4F7556}") = "TimeForCode.Authorization.Infrastructure", "src\Authorization\TimeForCode.Authorization.Infrastructure\TimeForCode.Authorization.Infrastructure.csproj", "{350E2ECF-E0CD-4587-9040-D9637F9175F0}"
EndProject
Project("{9A19103F-16F7-4668-BE54-9A1E7A4F7556}") = "TimeForCode.Authorization.Values", "src\Authorization\TimeForCode.Authorization.Values\TimeForCode.Authorization.Values.csproj", "{88A899F7-D9A1-4984-A469-8097D2A7CD72}"
EndProject
Project("{9A19103F-16F7-4668-BE54-9A1E7A4F7556}") = "IdentityProviderMockService", "tst\Authorization\IdentityProviderMockService\IdentityProviderMockService.csproj", "{B17FD7DB-EB74-41A0-98F1-0CFA0710EA74}"
EndProject
Project("{9A19103F-16F7-4668-BE54-9A1E7A4F7556}") = "TimeForCode.Authorization.Api.Tests", "tst\Authorization\TimeForCode.Authorization.Api.Tests\TimeForCode.Authorization.Api.Tests.csproj", "{10FB1F71-1691-4FF2-A7B0-D860E3A752A2}"
EndProject
Project("{9A19103F-16F7-4668-BE54-9A1E7A4F7556}") = "TimeForCode.Authorization.Infrastructure.Tests", "tst\Authorization\TimeForCode.Authorization.Infrastructure.Tests\TimeForCode.Authorization.Infrastructure.Tests.csproj", "{2468DA3E-13ED-4285-842A-99CC5CC97084}"
EndProject
Project("{9A19103F-16F7-4668-BE54-9A1E7A4F7556}") = "TimeForCode.Authorization.Specifications", "tst\Authorization\TimeForCode.Authorization.Specifications\TimeForCode.Authorization.Specifications.csproj", "{D62F3CF2-D241-4702-8CFB-529CB851810D}"
EndProject
Project("{2150E333-8FDC-42A3-9474-1A3956D46DE8}") = "Website", "Website", "{551761D9-7386-4445-B6B7-AA2F726B4A47}"
EndProject
Project("{9A19103F-16F7-4668-BE54-9A1E7A4F7556}") = "TimeForCode.Website", "src\Website\TimeForCode.Website\TimeForCode.Website.csproj", "{CD9EA605-9688-466E-9A1B-F541C5CA08AB}"
EndProject
Project("{9A19103F-16F7-4668-BE54-9A1E7A4F7556}") = "TimeForCode.Authorization.Architecture.Tests", "tst\Authorization\TimeForCode.Authorization.Architecture.Tests\TimeForCode.Authorization.Architecture.Tests.csproj", "{215ACB3B-F437-4E7F-A7B6-FDFE474C27CF}"
EndProject
Project("{2150E333-8FDC-42A3-9474-1A3956D46DE8}") = "Solution", "Solution", "{85CC5B26-CA5D-4462-8AB3-50C307D50E84}"
	ProjectSection(SolutionItems) = preProject
		.dockerignore = .dockerignore
		.editorconfig = .editorconfig
		.gitignore = .gitignore
		CODE_OF_CONDUCT.md = CODE_OF_CONDUCT.md
		docker-compose.yaml = docker-compose.yaml
		Dockerfile.authorization-api = Dockerfile.authorization-api
		Dockerfile.identity-provider-mock = Dockerfile.identity-provider-mock
		Dockerfile.website = Dockerfile.website
		LICENSE = LICENSE
		README.md = README.md
	EndProjectSection
EndProject
Project("{2150E333-8FDC-42A3-9474-1A3956D46DE8}") = "build", "build", "{5024C1C7-28D6-4288-BB5A-C270C145410A}"
	ProjectSection(SolutionItems) = preProject
		.github\workflows\build.yaml = .github\workflows\build.yaml
	EndProjectSection
EndProject
Project("{2150E333-8FDC-42A3-9474-1A3956D46DE8}") = "Donation", "Donation", "{02EA681E-C7D8-13C7-8484-4AC65E1B71E8}"
EndProject
Project("{FAE04EC0-301F-11D3-BF4B-00C04F79EFBC}") = "TimeForCode.Donation.Domain", "src\Donation\TimeForCode.Donation.Domain\TimeForCode.Donation.Domain.csproj", "{7FA017E8-E33C-4B43-82FB-78E98B627110}"
EndProject
Project("{FAE04EC0-301F-11D3-BF4B-00C04F79EFBC}") = "TimeForCode.Donation.Api", "src\Donation\TimeForCode.Donation.Api\TimeForCode.Donation.Api.csproj", "{0FC8F517-BF66-470F-A030-58161A4258E1}"
EndProject
Global
	GlobalSection(SolutionConfigurationPlatforms) = preSolution
		Debug|Any CPU = Debug|Any CPU
		Release|Any CPU = Release|Any CPU
	EndGlobalSection
	GlobalSection(ProjectConfigurationPlatforms) = postSolution
		{8856EC3B-732C-4C6E-B84E-1C6027C0DB6C}.Debug|Any CPU.ActiveCfg = Debug|Any CPU
		{8856EC3B-732C-4C6E-B84E-1C6027C0DB6C}.Debug|Any CPU.Build.0 = Debug|Any CPU
		{8856EC3B-732C-4C6E-B84E-1C6027C0DB6C}.Release|Any CPU.ActiveCfg = Release|Any CPU
		{8856EC3B-732C-4C6E-B84E-1C6027C0DB6C}.Release|Any CPU.Build.0 = Release|Any CPU
		{DB673FB1-B4ED-437E-8CE2-78D815EA4BA9}.Debug|Any CPU.ActiveCfg = Debug|Any CPU
		{DB673FB1-B4ED-437E-8CE2-78D815EA4BA9}.Debug|Any CPU.Build.0 = Debug|Any CPU
		{DB673FB1-B4ED-437E-8CE2-78D815EA4BA9}.Release|Any CPU.ActiveCfg = Release|Any CPU
		{DB673FB1-B4ED-437E-8CE2-78D815EA4BA9}.Release|Any CPU.Build.0 = Release|Any CPU
		{642B702C-C6DF-42F8-AB16-84E858869073}.Debug|Any CPU.ActiveCfg = Debug|Any CPU
		{642B702C-C6DF-42F8-AB16-84E858869073}.Debug|Any CPU.Build.0 = Debug|Any CPU
		{642B702C-C6DF-42F8-AB16-84E858869073}.Release|Any CPU.ActiveCfg = Release|Any CPU
		{642B702C-C6DF-42F8-AB16-84E858869073}.Release|Any CPU.Build.0 = Release|Any CPU
		{CF3516E6-EB92-4BF1-B25A-0BF0A7B7DF32}.Debug|Any CPU.ActiveCfg = Debug|Any CPU
		{CF3516E6-EB92-4BF1-B25A-0BF0A7B7DF32}.Debug|Any CPU.Build.0 = Debug|Any CPU
		{CF3516E6-EB92-4BF1-B25A-0BF0A7B7DF32}.Release|Any CPU.ActiveCfg = Release|Any CPU
		{CF3516E6-EB92-4BF1-B25A-0BF0A7B7DF32}.Release|Any CPU.Build.0 = Release|Any CPU
		{44F4194A-64F8-445A-98C0-AE8C82D9E19F}.Debug|Any CPU.ActiveCfg = Debug|Any CPU
		{44F4194A-64F8-445A-98C0-AE8C82D9E19F}.Debug|Any CPU.Build.0 = Debug|Any CPU
		{44F4194A-64F8-445A-98C0-AE8C82D9E19F}.Release|Any CPU.ActiveCfg = Release|Any CPU
		{44F4194A-64F8-445A-98C0-AE8C82D9E19F}.Release|Any CPU.Build.0 = Release|Any CPU
		{350E2ECF-E0CD-4587-9040-D9637F9175F0}.Debug|Any CPU.ActiveCfg = Debug|Any CPU
		{350E2ECF-E0CD-4587-9040-D9637F9175F0}.Debug|Any CPU.Build.0 = Debug|Any CPU
		{350E2ECF-E0CD-4587-9040-D9637F9175F0}.Release|Any CPU.ActiveCfg = Release|Any CPU
		{350E2ECF-E0CD-4587-9040-D9637F9175F0}.Release|Any CPU.Build.0 = Release|Any CPU
		{88A899F7-D9A1-4984-A469-8097D2A7CD72}.Debug|Any CPU.ActiveCfg = Debug|Any CPU
		{88A899F7-D9A1-4984-A469-8097D2A7CD72}.Debug|Any CPU.Build.0 = Debug|Any CPU
		{88A899F7-D9A1-4984-A469-8097D2A7CD72}.Release|Any CPU.ActiveCfg = Release|Any CPU
		{88A899F7-D9A1-4984-A469-8097D2A7CD72}.Release|Any CPU.Build.0 = Release|Any CPU
		{B17FD7DB-EB74-41A0-98F1-0CFA0710EA74}.Debug|Any CPU.ActiveCfg = Debug|Any CPU
		{B17FD7DB-EB74-41A0-98F1-0CFA0710EA74}.Debug|Any CPU.Build.0 = Debug|Any CPU
		{B17FD7DB-EB74-41A0-98F1-0CFA0710EA74}.Release|Any CPU.ActiveCfg = Release|Any CPU
		{B17FD7DB-EB74-41A0-98F1-0CFA0710EA74}.Release|Any CPU.Build.0 = Release|Any CPU
		{10FB1F71-1691-4FF2-A7B0-D860E3A752A2}.Debug|Any CPU.ActiveCfg = Debug|Any CPU
		{10FB1F71-1691-4FF2-A7B0-D860E3A752A2}.Debug|Any CPU.Build.0 = Debug|Any CPU
		{10FB1F71-1691-4FF2-A7B0-D860E3A752A2}.Release|Any CPU.ActiveCfg = Release|Any CPU
		{10FB1F71-1691-4FF2-A7B0-D860E3A752A2}.Release|Any CPU.Build.0 = Release|Any CPU
		{2468DA3E-13ED-4285-842A-99CC5CC97084}.Debug|Any CPU.ActiveCfg = Debug|Any CPU
		{2468DA3E-13ED-4285-842A-99CC5CC97084}.Debug|Any CPU.Build.0 = Debug|Any CPU
		{2468DA3E-13ED-4285-842A-99CC5CC97084}.Release|Any CPU.ActiveCfg = Release|Any CPU
		{2468DA3E-13ED-4285-842A-99CC5CC97084}.Release|Any CPU.Build.0 = Release|Any CPU
		{D62F3CF2-D241-4702-8CFB-529CB851810D}.Debug|Any CPU.ActiveCfg = Debug|Any CPU
		{D62F3CF2-D241-4702-8CFB-529CB851810D}.Debug|Any CPU.Build.0 = Debug|Any CPU
		{D62F3CF2-D241-4702-8CFB-529CB851810D}.Release|Any CPU.ActiveCfg = Release|Any CPU
		{D62F3CF2-D241-4702-8CFB-529CB851810D}.Release|Any CPU.Build.0 = Release|Any CPU
		{CD9EA605-9688-466E-9A1B-F541C5CA08AB}.Debug|Any CPU.ActiveCfg = Debug|Any CPU
		{CD9EA605-9688-466E-9A1B-F541C5CA08AB}.Debug|Any CPU.Build.0 = Debug|Any CPU
		{CD9EA605-9688-466E-9A1B-F541C5CA08AB}.Release|Any CPU.ActiveCfg = Release|Any CPU
		{CD9EA605-9688-466E-9A1B-F541C5CA08AB}.Release|Any CPU.Build.0 = Release|Any CPU
		{215ACB3B-F437-4E7F-A7B6-FDFE474C27CF}.Debug|Any CPU.ActiveCfg = Debug|Any CPU
		{215ACB3B-F437-4E7F-A7B6-FDFE474C27CF}.Debug|Any CPU.Build.0 = Debug|Any CPU
		{215ACB3B-F437-4E7F-A7B6-FDFE474C27CF}.Release|Any CPU.ActiveCfg = Release|Any CPU
		{215ACB3B-F437-4E7F-A7B6-FDFE474C27CF}.Release|Any CPU.Build.0 = Release|Any CPU
		{7FA017E8-E33C-4B43-82FB-78E98B627110}.Debug|Any CPU.ActiveCfg = Debug|Any CPU
		{7FA017E8-E33C-4B43-82FB-78E98B627110}.Debug|Any CPU.Build.0 = Debug|Any CPU
		{7FA017E8-E33C-4B43-82FB-78E98B627110}.Release|Any CPU.ActiveCfg = Release|Any CPU
		{7FA017E8-E33C-4B43-82FB-78E98B627110}.Release|Any CPU.Build.0 = Release|Any CPU
		{0FC8F517-BF66-470F-A030-58161A4258E1}.Debug|Any CPU.ActiveCfg = Debug|Any CPU
		{0FC8F517-BF66-470F-A030-58161A4258E1}.Debug|Any CPU.Build.0 = Debug|Any CPU
		{0FC8F517-BF66-470F-A030-58161A4258E1}.Release|Any CPU.ActiveCfg = Release|Any CPU
		{0FC8F517-BF66-470F-A030-58161A4258E1}.Release|Any CPU.Build.0 = Release|Any CPU
	EndGlobalSection
	GlobalSection(SolutionProperties) = preSolution
		HideSolutionNode = FALSE
	EndGlobalSection
	GlobalSection(NestedProjects) = preSolution
		{599312B8-3DAB-41FF-9ABA-924FC62E0DB6} = {0E98DD01-937E-4378-BFFB-1DE720D2019B}
		{94EBEE5C-CBE1-4BAA-A724-93B1E9F49765} = {6F750404-37BF-4C8B-B54F-C77F6F7CB4E6}
		{8856EC3B-732C-4C6E-B84E-1C6027C0DB6C} = {599312B8-3DAB-41FF-9ABA-924FC62E0DB6}
		{DB673FB1-B4ED-437E-8CE2-78D815EA4BA9} = {599312B8-3DAB-41FF-9ABA-924FC62E0DB6}
		{642B702C-C6DF-42F8-AB16-84E858869073} = {599312B8-3DAB-41FF-9ABA-924FC62E0DB6}
		{CF3516E6-EB92-4BF1-B25A-0BF0A7B7DF32} = {599312B8-3DAB-41FF-9ABA-924FC62E0DB6}
		{44F4194A-64F8-445A-98C0-AE8C82D9E19F} = {599312B8-3DAB-41FF-9ABA-924FC62E0DB6}
		{350E2ECF-E0CD-4587-9040-D9637F9175F0} = {599312B8-3DAB-41FF-9ABA-924FC62E0DB6}
		{88A899F7-D9A1-4984-A469-8097D2A7CD72} = {599312B8-3DAB-41FF-9ABA-924FC62E0DB6}
		{B17FD7DB-EB74-41A0-98F1-0CFA0710EA74} = {94EBEE5C-CBE1-4BAA-A724-93B1E9F49765}
		{10FB1F71-1691-4FF2-A7B0-D860E3A752A2} = {94EBEE5C-CBE1-4BAA-A724-93B1E9F49765}
		{2468DA3E-13ED-4285-842A-99CC5CC97084} = {94EBEE5C-CBE1-4BAA-A724-93B1E9F49765}
		{D62F3CF2-D241-4702-8CFB-529CB851810D} = {94EBEE5C-CBE1-4BAA-A724-93B1E9F49765}
		{551761D9-7386-4445-B6B7-AA2F726B4A47} = {0E98DD01-937E-4378-BFFB-1DE720D2019B}
		{CD9EA605-9688-466E-9A1B-F541C5CA08AB} = {551761D9-7386-4445-B6B7-AA2F726B4A47}
		{215ACB3B-F437-4E7F-A7B6-FDFE474C27CF} = {94EBEE5C-CBE1-4BAA-A724-93B1E9F49765}
		{5024C1C7-28D6-4288-BB5A-C270C145410A} = {85CC5B26-CA5D-4462-8AB3-50C307D50E84}
		{02EA681E-C7D8-13C7-8484-4AC65E1B71E8} = {0E98DD01-937E-4378-BFFB-1DE720D2019B}
		{7FA017E8-E33C-4B43-82FB-78E98B627110} = {02EA681E-C7D8-13C7-8484-4AC65E1B71E8}
		{0FC8F517-BF66-470F-A030-58161A4258E1} = {02EA681E-C7D8-13C7-8484-4AC65E1B71E8}
	EndGlobalSection
	GlobalSection(ExtensibilityGlobals) = postSolution
		SolutionGuid = {D1F8C98B-6300-412B-B5E1-CE65A5AF126F}
	EndGlobalSection
EndGlobal
